
Microsoft Visual Studio Solution File, Format Version 12.00
# Visual Studio Version 17
VisualStudioVersion = 17.1.32414.318
MinimumVisualStudioVersion = 10.0.40219.1
Project("{9A19103F-16F7-4668-BE54-9A1E7A4F7556}") = "T1TiposDeDatos", "T1TiposDeDatos\T1TiposDeDatos.csproj", "{2C546A9D-D521-48BE-8588-7C8C6BD57580}"
EndProject
Project("{2150E333-8FDC-42A3-9474-1A3956D46DE8}") = "22-4", "22-4", "{7D255752-E9AF-4F7F-91DC-67299CDF8637}"
EndProject
Project("{9A19103F-16F7-4668-BE54-9A1E7A4F7556}") = "T3FigurasGeometricas", "T3FigurasGeometricas\T3FigurasGeometricas.csproj", "{44BBA4B0-092C-4065-B069-F78ADFAE6379}"
EndProject
Project("{9A19103F-16F7-4668-BE54-9A1E7A4F7556}") = "T2HIstoria", "T2HIstoria\T2HIstoria.csproj", "{8BB83741-60D7-44EA-BCEB-71D6F45CC4CA}"
EndProject
Project("{2150E333-8FDC-42A3-9474-1A3956D46DE8}") = "30-4", "30-4", "{FEC93528-3E8B-4111-8C53-B681B9F4EE4B}"
EndProject
Project("{9A19103F-16F7-4668-BE54-9A1E7A4F7556}") = "T4 Libre", "T4 Libre\T4 Libre.csproj", "{79E7DB59-97F2-47ED-959B-BE0DBEC69D00}"
EndProject
Project("{FAE04EC0-301F-11D3-BF4B-00C04F79EFBC}") = "T5StringMethods", "T5StringMethods\T5StringMethods.csproj", "{14CCC260-9B87-4653-BD5F-977105689AD0}"
EndProject
Project("{FAE04EC0-301F-11D3-BF4B-00C04F79EFBC}") = "T6FigurasGeometricasConMetodos", "T6FigurasGeometricasConMetodos\T6FigurasGeometricasConMetodos.csproj", "{148B10BB-68B7-4D2B-BFA5-1F658EE83B86}"
EndProject
Project("{2150E333-8FDC-42A3-9474-1A3956D46DE8}") = "07-5", "07-5", "{1558E4A9-80B8-4CC1-B87B-66682E871AC8}"
EndProject
Project("{FAE04EC0-301F-11D3-BF4B-00C04F79EFBC}") = "CalculadoraConIf", "CalculadoraConIf\CalculadoraConIf.csproj", "{0F37A210-9DE1-4D81-B22C-C11FD67EA0C7}"
EndProject
Project("{FAE04EC0-301F-11D3-BF4B-00C04F79EFBC}") = "MenuCalculosGeometricos", "MenuCalculosGeometricos\MenuCalculosGeometricos.csproj", "{EB0161D6-9406-4336-B1BB-554AF522C2C7}"
EndProject
Project("{FAE04EC0-301F-11D3-BF4B-00C04F79EFBC}") = "NumeroDeComensales", "NumeroDeComensales\NumeroDeComensales.csproj", "{0D650FAE-5AC4-4C26-B391-06388DDE2764}"
EndProject
Project("{FAE04EC0-301F-11D3-BF4B-00C04F79EFBC}") = "ValidarDatos", "ValidarDatos\ValidarDatos.csproj", "{03A73F63-D2A4-4FEF-982A-12C5926F6F92}"
EndProject
Global
	GlobalSection(SolutionConfigurationPlatforms) = preSolution
		Debug|Any CPU = Debug|Any CPU
		Release|Any CPU = Release|Any CPU
	EndGlobalSection
	GlobalSection(ProjectConfigurationPlatforms) = postSolution
		{2C546A9D-D521-48BE-8588-7C8C6BD57580}.Debug|Any CPU.ActiveCfg = Debug|Any CPU
		{2C546A9D-D521-48BE-8588-7C8C6BD57580}.Debug|Any CPU.Build.0 = Debug|Any CPU
		{2C546A9D-D521-48BE-8588-7C8C6BD57580}.Release|Any CPU.ActiveCfg = Release|Any CPU
		{2C546A9D-D521-48BE-8588-7C8C6BD57580}.Release|Any CPU.Build.0 = Release|Any CPU
		{44BBA4B0-092C-4065-B069-F78ADFAE6379}.Debug|Any CPU.ActiveCfg = Debug|Any CPU
		{44BBA4B0-092C-4065-B069-F78ADFAE6379}.Debug|Any CPU.Build.0 = Debug|Any CPU
		{44BBA4B0-092C-4065-B069-F78ADFAE6379}.Release|Any CPU.ActiveCfg = Release|Any CPU
		{44BBA4B0-092C-4065-B069-F78ADFAE6379}.Release|Any CPU.Build.0 = Release|Any CPU
		{8BB83741-60D7-44EA-BCEB-71D6F45CC4CA}.Debug|Any CPU.ActiveCfg = Debug|Any CPU
		{8BB83741-60D7-44EA-BCEB-71D6F45CC4CA}.Debug|Any CPU.Build.0 = Debug|Any CPU
		{8BB83741-60D7-44EA-BCEB-71D6F45CC4CA}.Release|Any CPU.ActiveCfg = Release|Any CPU
		{8BB83741-60D7-44EA-BCEB-71D6F45CC4CA}.Release|Any CPU.Build.0 = Release|Any CPU
		{79E7DB59-97F2-47ED-959B-BE0DBEC69D00}.Debug|Any CPU.ActiveCfg = Debug|Any CPU
		{79E7DB59-97F2-47ED-959B-BE0DBEC69D00}.Debug|Any CPU.Build.0 = Debug|Any CPU
		{79E7DB59-97F2-47ED-959B-BE0DBEC69D00}.Release|Any CPU.ActiveCfg = Release|Any CPU
		{79E7DB59-97F2-47ED-959B-BE0DBEC69D00}.Release|Any CPU.Build.0 = Release|Any CPU
		{14CCC260-9B87-4653-BD5F-977105689AD0}.Debug|Any CPU.ActiveCfg = Debug|Any CPU
		{14CCC260-9B87-4653-BD5F-977105689AD0}.Debug|Any CPU.Build.0 = Debug|Any CPU
		{14CCC260-9B87-4653-BD5F-977105689AD0}.Release|Any CPU.ActiveCfg = Release|Any CPU
		{14CCC260-9B87-4653-BD5F-977105689AD0}.Release|Any CPU.Build.0 = Release|Any CPU
		{148B10BB-68B7-4D2B-BFA5-1F658EE83B86}.Debug|Any CPU.ActiveCfg = Debug|Any CPU
		{148B10BB-68B7-4D2B-BFA5-1F658EE83B86}.Debug|Any CPU.Build.0 = Debug|Any CPU
		{148B10BB-68B7-4D2B-BFA5-1F658EE83B86}.Release|Any CPU.ActiveCfg = Release|Any CPU
		{148B10BB-68B7-4D2B-BFA5-1F658EE83B86}.Release|Any CPU.Build.0 = Release|Any CPU
		{0F37A210-9DE1-4D81-B22C-C11FD67EA0C7}.Debug|Any CPU.ActiveCfg = Debug|Any CPU
		{0F37A210-9DE1-4D81-B22C-C11FD67EA0C7}.Debug|Any CPU.Build.0 = Debug|Any CPU
		{0F37A210-9DE1-4D81-B22C-C11FD67EA0C7}.Release|Any CPU.ActiveCfg = Release|Any CPU
		{0F37A210-9DE1-4D81-B22C-C11FD67EA0C7}.Release|Any CPU.Build.0 = Release|Any CPU
		{EB0161D6-9406-4336-B1BB-554AF522C2C7}.Debug|Any CPU.ActiveCfg = Debug|Any CPU
		{EB0161D6-9406-4336-B1BB-554AF522C2C7}.Debug|Any CPU.Build.0 = Debug|Any CPU
		{EB0161D6-9406-4336-B1BB-554AF522C2C7}.Release|Any CPU.ActiveCfg = Release|Any CPU
		{EB0161D6-9406-4336-B1BB-554AF522C2C7}.Release|Any CPU.Build.0 = Release|Any CPU
		{0D650FAE-5AC4-4C26-B391-06388DDE2764}.Debug|Any CPU.ActiveCfg = Debug|Any CPU
		{0D650FAE-5AC4-4C26-B391-06388DDE2764}.Debug|Any CPU.Build.0 = Debug|Any CPU
		{0D650FAE-5AC4-4C26-B391-06388DDE2764}.Release|Any CPU.ActiveCfg = Release|Any CPU
		{0D650FAE-5AC4-4C26-B391-06388DDE2764}.Release|Any CPU.Build.0 = Release|Any CPU
		{03A73F63-D2A4-4FEF-982A-12C5926F6F92}.Debug|Any CPU.ActiveCfg = Debug|Any CPU
		{03A73F63-D2A4-4FEF-982A-12C5926F6F92}.Debug|Any CPU.Build.0 = Debug|Any CPU
		{03A73F63-D2A4-4FEF-982A-12C5926F6F92}.Release|Any CPU.ActiveCfg = Release|Any CPU
		{03A73F63-D2A4-4FEF-982A-12C5926F6F92}.Release|Any CPU.Build.0 = Release|Any CPU
	EndGlobalSection
	GlobalSection(SolutionProperties) = preSolution
		HideSolutionNode = FALSE
	EndGlobalSection
	GlobalSection(NestedProjects) = preSolution
		{2C546A9D-D521-48BE-8588-7C8C6BD57580} = {7D255752-E9AF-4F7F-91DC-67299CDF8637}
		{44BBA4B0-092C-4065-B069-F78ADFAE6379} = {7D255752-E9AF-4F7F-91DC-67299CDF8637}
		{8BB83741-60D7-44EA-BCEB-71D6F45CC4CA} = {7D255752-E9AF-4F7F-91DC-67299CDF8637}
		{79E7DB59-97F2-47ED-959B-BE0DBEC69D00} = {FEC93528-3E8B-4111-8C53-B681B9F4EE4B}
		{14CCC260-9B87-4653-BD5F-977105689AD0} = {FEC93528-3E8B-4111-8C53-B681B9F4EE4B}
		{148B10BB-68B7-4D2B-BFA5-1F658EE83B86} = {FEC93528-3E8B-4111-8C53-B681B9F4EE4B}
		{0F37A210-9DE1-4D81-B22C-C11FD67EA0C7} = {1558E4A9-80B8-4CC1-B87B-66682E871AC8}
		{EB0161D6-9406-4336-B1BB-554AF522C2C7} = {1558E4A9-80B8-4CC1-B87B-66682E871AC8}
		{0D650FAE-5AC4-4C26-B391-06388DDE2764} = {1558E4A9-80B8-4CC1-B87B-66682E871AC8}
		{03A73F63-D2A4-4FEF-982A-12C5926F6F92} = {1558E4A9-80B8-4CC1-B87B-66682E871AC8}
	EndGlobalSection
	GlobalSection(ExtensibilityGlobals) = postSolution
		SolutionGuid = {B8B14772-552C-411D-8372-623CF4451F77}
	EndGlobalSection
EndGlobal
